
Microsoft Visual Studio Solution File, Format Version 12.00
# Visual Studio 15
Project("{FAE04EC0-301F-11D3-BF4B-00C04F79EFBC}") = "Assembly-CSharp", "Assembly-CSharp.csproj", "{C2E4798C-1C53-92C4-52E3-CFE072462D16}"
EndProject
Project("{FAE04EC0-301F-11D3-BF4B-00C04F79EFBC}") = "Assembly-CSharp-Editor", "Assembly-CSharp-Editor.csproj", "{A29EF730-2A51-3489-566C-CB82EC9C0632}"
EndProject
Global
	GlobalSection(SolutionConfigurationPlatforms) = preSolution
		Debug|Any CPU = Debug|Any CPU
		Release|Any CPU = Release|Any CPU
	EndGlobalSection
	GlobalSection(ProjectConfigurationPlatforms) = postSolution
		{C2E4798C-1C53-92C4-52E3-CFE072462D16}.Debug|Any CPU.ActiveCfg = Debug|Any CPU
		{C2E4798C-1C53-92C4-52E3-CFE072462D16}.Debug|Any CPU.Build.0 = Debug|Any CPU
		{C2E4798C-1C53-92C4-52E3-CFE072462D16}.Release|Any CPU.ActiveCfg = Release|Any CPU
		{C2E4798C-1C53-92C4-52E3-CFE072462D16}.Release|Any CPU.Build.0 = Release|Any CPU
		{A29EF730-2A51-3489-566C-CB82EC9C0632}.Debug|Any CPU.ActiveCfg = Debug|Any CPU
		{A29EF730-2A51-3489-566C-CB82EC9C0632}.Debug|Any CPU.Build.0 = Debug|Any CPU
		{A29EF730-2A51-3489-566C-CB82EC9C0632}.Release|Any CPU.ActiveCfg = Release|Any CPU
		{A29EF730-2A51-3489-566C-CB82EC9C0632}.Release|Any CPU.Build.0 = Release|Any CPU
	EndGlobalSection
	GlobalSection(SolutionProperties) = preSolution
		HideSolutionNode = FALSE
	EndGlobalSection
EndGlobal
